
Microsoft Visual Studio Solution File, Format Version 12.00
# Visual Studio Version 16
VisualStudioVersion = 16.0.30114.105
MinimumVisualStudioVersion = 10.0.40219.1
Project("{9A19103F-16F7-4668-BE54-9A1E7A4F7556}") = "Synnotech.Linq2Db", "src\Synnotech.Linq2Db\Synnotech.Linq2Db.csproj", "{A8992AF2-8BCF-41F0-8AB0-947E1F6001E0}"
EndProject
Project("{9A19103F-16F7-4668-BE54-9A1E7A4F7556}") = "Synnotech.Linq2Db.Tests", "tests\Synnotech.Linq2Db.Tests\Synnotech.Linq2Db.Tests.csproj", "{76A52FCE-111C-4FD8-AEEA-9A01C63A5319}"
EndProject
Project("{2150E333-8FDC-42A3-9474-1A3956D46DE8}") = "MsSqlServer", "MsSqlServer", "{BD8C6FC1-44F8-4D80-8124-6CD2219ADF20}"
EndProject
Project("{9A19103F-16F7-4668-BE54-9A1E7A4F7556}") = "Synnotech.Linq2Db.MsSqlServer", "src\Synnotech.Linq2Db.MsSqlServer\Synnotech.Linq2Db.MsSqlServer.csproj", "{F5190667-0D64-4A81-A750-86A75360C34D}"
EndProject
Project("{9A19103F-16F7-4668-BE54-9A1E7A4F7556}") = "Synnotech.Linq2Db.MsSqlServer.Tests", "tests\Synnotech.Linq2Db.MsSqlServer.Tests\Synnotech.Linq2Db.MsSqlServer.Tests.csproj", "{9BAB4122-CA81-43DC-A3B7-0EBC6F47B9D7}"
EndProject
Project("{2150E333-8FDC-42A3-9474-1A3956D46DE8}") = "Solution Items", "Solution Items", "{7FAA710E-14FF-40B1-9E9E-6B844FEE26B6}"
	ProjectSection(SolutionItems) = preProject
		CreateNuGetPackages.cmd = CreateNuGetPackages.cmd
		Directory.Build.props = Directory.Build.props
	EndProjectSection
EndProject
Project("{2150E333-8FDC-42A3-9474-1A3956D46DE8}") = "src", "src", "{8FE25632-A132-4758-AE6C-EFBEB96ABCA2}"
	ProjectSection(SolutionItems) = preProject
		src\Directory.Build.props = src\Directory.Build.props
	EndProjectSection
EndProject
Project("{2150E333-8FDC-42A3-9474-1A3956D46DE8}") = "tests", "tests", "{0CD7D9FE-0FA5-42EC-B89D-42E5DAE4BC0C}"
	ProjectSection(SolutionItems) = preProject
		tests\Directory.Build.props = tests\Directory.Build.props
	EndProjectSection
EndProject
Global
	GlobalSection(SolutionConfigurationPlatforms) = preSolution
		Debug|Any CPU = Debug|Any CPU
		Release|Any CPU = Release|Any CPU
	EndGlobalSection
	GlobalSection(ProjectConfigurationPlatforms) = postSolution
		{A8992AF2-8BCF-41F0-8AB0-947E1F6001E0}.Debug|Any CPU.ActiveCfg = Debug|Any CPU
		{A8992AF2-8BCF-41F0-8AB0-947E1F6001E0}.Debug|Any CPU.Build.0 = Debug|Any CPU
		{A8992AF2-8BCF-41F0-8AB0-947E1F6001E0}.Release|Any CPU.ActiveCfg = Release|Any CPU
		{A8992AF2-8BCF-41F0-8AB0-947E1F6001E0}.Release|Any CPU.Build.0 = Release|Any CPU
		{76A52FCE-111C-4FD8-AEEA-9A01C63A5319}.Debug|Any CPU.ActiveCfg = Debug|Any CPU
		{76A52FCE-111C-4FD8-AEEA-9A01C63A5319}.Debug|Any CPU.Build.0 = Debug|Any CPU
		{76A52FCE-111C-4FD8-AEEA-9A01C63A5319}.Release|Any CPU.ActiveCfg = Release|Any CPU
		{76A52FCE-111C-4FD8-AEEA-9A01C63A5319}.Release|Any CPU.Build.0 = Release|Any CPU
		{F5190667-0D64-4A81-A750-86A75360C34D}.Debug|Any CPU.ActiveCfg = Debug|Any CPU
		{F5190667-0D64-4A81-A750-86A75360C34D}.Debug|Any CPU.Build.0 = Debug|Any CPU
		{F5190667-0D64-4A81-A750-86A75360C34D}.Release|Any CPU.ActiveCfg = Release|Any CPU
		{F5190667-0D64-4A81-A750-86A75360C34D}.Release|Any CPU.Build.0 = Release|Any CPU
		{9BAB4122-CA81-43DC-A3B7-0EBC6F47B9D7}.Debug|Any CPU.ActiveCfg = Debug|Any CPU
		{9BAB4122-CA81-43DC-A3B7-0EBC6F47B9D7}.Debug|Any CPU.Build.0 = Debug|Any CPU
		{9BAB4122-CA81-43DC-A3B7-0EBC6F47B9D7}.Release|Any CPU.ActiveCfg = Release|Any CPU
		{9BAB4122-CA81-43DC-A3B7-0EBC6F47B9D7}.Release|Any CPU.Build.0 = Release|Any CPU
	EndGlobalSection
	GlobalSection(SolutionProperties) = preSolution
		HideSolutionNode = FALSE
	EndGlobalSection
	GlobalSection(NestedProjects) = preSolution
		{F5190667-0D64-4A81-A750-86A75360C34D} = {BD8C6FC1-44F8-4D80-8124-6CD2219ADF20}
		{9BAB4122-CA81-43DC-A3B7-0EBC6F47B9D7} = {BD8C6FC1-44F8-4D80-8124-6CD2219ADF20}
		{8FE25632-A132-4758-AE6C-EFBEB96ABCA2} = {7FAA710E-14FF-40B1-9E9E-6B844FEE26B6}
		{0CD7D9FE-0FA5-42EC-B89D-42E5DAE4BC0C} = {7FAA710E-14FF-40B1-9E9E-6B844FEE26B6}
	EndGlobalSection
	GlobalSection(ExtensibilityGlobals) = postSolution
		SolutionGuid = {38A61BC0-9686-4992-97D4-4ECA59CA8BD3}
	EndGlobalSection
EndGlobal
